
Microsoft Visual Studio Solution File, Format Version 12.00
# Visual Studio Version 16
VisualStudioVersion = 16.0.29503.13
MinimumVisualStudioVersion = 10.0.40219.1
Project("{FAE04EC0-301F-11D3-BF4B-00C04F79EFBC}") = "LazyManWPF", "LazyManWPF.csproj", "{61432B98-EE9E-4360-9D8A-33061B9EF78F}"
EndProject
Global
	GlobalSection(SolutionConfigurationPlatforms) = preSolution
		Debug|Any CPU = Debug|Any CPU
		Release|Any CPU = Release|Any CPU
	EndGlobalSection
	GlobalSection(ProjectConfigurationPlatforms) = postSolution
		{61432B98-EE9E-4360-9D8A-33061B9EF78F}.Debug|Any CPU.ActiveCfg = Debug|Any CPU
		{61432B98-EE9E-4360-9D8A-33061B9EF78F}.Debug|Any CPU.Build.0 = Debug|Any CPU
		{61432B98-EE9E-4360-9D8A-33061B9EF78F}.Release|Any CPU.ActiveCfg = Release|Any CPU
		{61432B98-EE9E-4360-9D8A-33061B9EF78F}.Release|Any CPU.Build.0 = Release|Any CPU
	EndGlobalSection
	GlobalSection(SolutionProperties) = preSolution
		HideSolutionNode = FALSE
	EndGlobalSection
	GlobalSection(ExtensibilityGlobals) = postSolution
		SolutionGuid = {BDEC09D0-3A6E-450B-A3C6-09544A252B73}
	EndGlobalSection
EndGlobal
